
Microsoft Visual Studio Solution File, Format Version 12.00
# Visual Studio Version 16
VisualStudioVersion = 16.0.31911.196
MinimumVisualStudioVersion = 10.0.40219.1
Project("{FAE04EC0-301F-11D3-BF4B-00C04F79EFBC}") = "OOP.AddAClass", "OOP.AddAClass\OOP.AddAClass.csproj", "{909D713D-A387-4608-853B-829ADDA4A291}"
EndProject
Project("{FAE04EC0-301F-11D3-BF4B-00C04F79EFBC}") = "OOP.Inheritance", "OOP.Inheritance\OOP.Inheritance.csproj", "{E1573EE7-43DD-47D4-A71E-E49C903CFA5D}"
EndProject
Global
	GlobalSection(SolutionConfigurationPlatforms) = preSolution
		Debug|Any CPU = Debug|Any CPU
		Release|Any CPU = Release|Any CPU
	EndGlobalSection
	GlobalSection(ProjectConfigurationPlatforms) = postSolution
		{909D713D-A387-4608-853B-829ADDA4A291}.Debug|Any CPU.ActiveCfg = Debug|Any CPU
		{909D713D-A387-4608-853B-829ADDA4A291}.Debug|Any CPU.Build.0 = Debug|Any CPU
		{909D713D-A387-4608-853B-829ADDA4A291}.Release|Any CPU.ActiveCfg = Release|Any CPU
		{909D713D-A387-4608-853B-829ADDA4A291}.Release|Any CPU.Build.0 = Release|Any CPU
		{E1573EE7-43DD-47D4-A71E-E49C903CFA5D}.Debug|Any CPU.ActiveCfg = Debug|Any CPU
		{E1573EE7-43DD-47D4-A71E-E49C903CFA5D}.Debug|Any CPU.Build.0 = Debug|Any CPU
		{E1573EE7-43DD-47D4-A71E-E49C903CFA5D}.Release|Any CPU.ActiveCfg = Release|Any CPU
		{E1573EE7-43DD-47D4-A71E-E49C903CFA5D}.Release|Any CPU.Build.0 = Release|Any CPU
	EndGlobalSection
	GlobalSection(SolutionProperties) = preSolution
		HideSolutionNode = FALSE
	EndGlobalSection
	GlobalSection(ExtensibilityGlobals) = postSolution
		SolutionGuid = {8CE92211-63FD-48AA-A593-12C3B97210CE}
	EndGlobalSection
EndGlobal
